// !$*UTF8*$!
{
	archiveVersion = 1;
	classes = {
	};
	objectVersion = 46;
	objects = {

/* Begin PBXBuildFile section */
		3519764E1F2997E500209104 /* ImaggaRouter.swift in Sources */ = {isa = PBXBuildFile; fileRef = 351976481F2997E500209104 /* ImaggaRouter.swift */; };
		3519764F1F2997E500209104 /* PhotoColor.swift in Sources */ = {isa = PBXBuildFile; fileRef = 351976491F2997E500209104 /* PhotoColor.swift */; };
		351976501F2997E500209104 /* TagsColorsTableViewController.swift in Sources */ = {isa = PBXBuildFile; fileRef = 3519764A1F2997E500209104 /* TagsColorsTableViewController.swift */; };
		351976511F2997E500209104 /* TagsColorsViewController.swift in Sources */ = {isa = PBXBuildFile; fileRef = 3519764B1F2997E500209104 /* TagsColorsViewController.swift */; };
		351976521F2997E500209104 /* TagsColorTableData.swift in Sources */ = {isa = PBXBuildFile; fileRef = 3519764C1F2997E500209104 /* TagsColorTableData.swift */; };
		351976531F2997E500209104 /* PhotoViewController.swift in Sources */ = {isa = PBXBuildFile; fileRef = 3519764D1F2997E500209104 /* PhotoViewController.swift */; };
		3557AACD1F21AD4D0094EB5B /* AppDelegate.swift in Sources */ = {isa = PBXBuildFile; fileRef = 3557AACC1F21AD4D0094EB5B /* AppDelegate.swift */; };
		3557AACF1F21AD4D0094EB5B /* ViewController.swift in Sources */ = {isa = PBXBuildFile; fileRef = 3557AACE1F21AD4D0094EB5B /* ViewController.swift */; };
		3557AAD21F21AD4D0094EB5B /* Main.storyboard in Resources */ = {isa = PBXBuildFile; fileRef = 3557AAD01F21AD4D0094EB5B /* Main.storyboard */; };
		3557AAD41F21AD4D0094EB5B /* Assets.xcassets in Resources */ = {isa = PBXBuildFile; fileRef = 3557AAD31F21AD4D0094EB5B /* Assets.xcassets */; };
		3557AAD71F21AD4D0094EB5B /* LaunchScreen.storyboard in Resources */ = {isa = PBXBuildFile; fileRef = 3557AAD51F21AD4D0094EB5B /* LaunchScreen.storyboard */; };
		3557AADF1F21D2AF0094EB5B /* WebVC.swift in Sources */ = {isa = PBXBuildFile; fileRef = 3557AADE1F21D2AF0094EB5B /* WebVC.swift */; };
		35F28BC11F25C702001FC761 /* SLScrollLayoutVC.swift in Sources */ = {isa = PBXBuildFile; fileRef = 35F28BC01F25C702001FC761 /* SLScrollLayoutVC.swift */; };
		ACC722143B4F47D666C00484 /* Pods_DailyTools.framework in Frameworks */ = {isa = PBXBuildFile; fileRef = D43F724828480CA022BBFA3E /* Pods_DailyTools.framework */; };
/* End PBXBuildFile section */

/* Begin PBXFileReference section */
		351976481F2997E500209104 /* ImaggaRouter.swift */ = {isa = PBXFileReference; fileEncoding = 4; lastKnownFileType = sourcecode.swift; path = ImaggaRouter.swift; sourceTree = "<group>"; };
		351976491F2997E500209104 /* PhotoColor.swift */ = {isa = PBXFileReference; fileEncoding = 4; lastKnownFileType = sourcecode.swift; path = PhotoColor.swift; sourceTree = "<group>"; };
		3519764A1F2997E500209104 /* TagsColorsTableViewController.swift */ = {isa = PBXFileReference; fileEncoding = 4; lastKnownFileType = sourcecode.swift; path = TagsColorsTableViewController.swift; sourceTree = "<group>"; };
		3519764B1F2997E500209104 /* TagsColorsViewController.swift */ = {isa = PBXFileReference; fileEncoding = 4; lastKnownFileType = sourcecode.swift; path = TagsColorsViewController.swift; sourceTree = "<group>"; };
		3519764C1F2997E500209104 /* TagsColorTableData.swift */ = {isa = PBXFileReference; fileEncoding = 4; lastKnownFileType = sourcecode.swift; path = TagsColorTableData.swift; sourceTree = "<group>"; };
		3519764D1F2997E500209104 /* PhotoViewController.swift */ = {isa = PBXFileReference; fileEncoding = 4; lastKnownFileType = sourcecode.swift; path = PhotoViewController.swift; sourceTree = "<group>"; };
		3557AAC91F21AD4D0094EB5B /* DailyTools.app */ = {isa = PBXFileReference; explicitFileType = wrapper.application; includeInIndex = 0; path = DailyTools.app; sourceTree = BUILT_PRODUCTS_DIR; };
		3557AACC1F21AD4D0094EB5B /* AppDelegate.swift */ = {isa = PBXFileReference; lastKnownFileType = sourcecode.swift; path = AppDelegate.swift; sourceTree = "<group>"; };
		3557AACE1F21AD4D0094EB5B /* ViewController.swift */ = {isa = PBXFileReference; lastKnownFileType = sourcecode.swift; path = ViewController.swift; sourceTree = "<group>"; };
		3557AAD11F21AD4D0094EB5B /* Base */ = {isa = PBXFileReference; lastKnownFileType = file.storyboard; name = Base; path = Base.lproj/Main.storyboard; sourceTree = "<group>"; };
		3557AAD31F21AD4D0094EB5B /* Assets.xcassets */ = {isa = PBXFileReference; lastKnownFileType = folder.assetcatalog; path = Assets.xcassets; sourceTree = "<group>"; };
		3557AAD61F21AD4D0094EB5B /* Base */ = {isa = PBXFileReference; lastKnownFileType = file.storyboard; name = Base; path = Base.lproj/LaunchScreen.storyboard; sourceTree = "<group>"; };
		3557AAD81F21AD4D0094EB5B /* Info.plist */ = {isa = PBXFileReference; lastKnownFileType = text.plist.xml; path = Info.plist; sourceTree = "<group>"; };
		3557AADE1F21D2AF0094EB5B /* WebVC.swift */ = {isa = PBXFileReference; fileEncoding = 4; lastKnownFileType = sourcecode.swift; path = WebVC.swift; sourceTree = "<group>"; };
		35F28BC01F25C702001FC761 /* SLScrollLayoutVC.swift */ = {isa = PBXFileReference; fileEncoding = 4; lastKnownFileType = sourcecode.swift; path = SLScrollLayoutVC.swift; sourceTree = "<group>"; };
		D43F724828480CA022BBFA3E /* Pods_DailyTools.framework */ = {isa = PBXFileReference; explicitFileType = wrapper.framework; includeInIndex = 0; path = Pods_DailyTools.framework; sourceTree = BUILT_PRODUCTS_DIR; };
		E2C6601C1DE7FA366CCC2AA8 /* Pods-DailyTools.release.xcconfig */ = {isa = PBXFileReference; includeInIndex = 1; lastKnownFileType = text.xcconfig; name = "Pods-DailyTools.release.xcconfig"; path = "Pods/Target Support Files/Pods-DailyTools/Pods-DailyTools.release.xcconfig"; sourceTree = "<group>"; };
		F65517A9B719DC63ABA0008C /* Pods-DailyTools.debug.xcconfig */ = {isa = PBXFileReference; includeInIndex = 1; lastKnownFileType = text.xcconfig; name = "Pods-DailyTools.debug.xcconfig"; path = "Pods/Target Support Files/Pods-DailyTools/Pods-DailyTools.debug.xcconfig"; sourceTree = "<group>"; };
/* End PBXFileReference section */

/* Begin PBXFrameworksBuildPhase section */
		3557AAC61F21AD4D0094EB5B /* Frameworks */ = {
			isa = PBXFrameworksBuildPhase;
			buildActionMask = 2147483647;
			files = (
				ACC722143B4F47D666C00484 /* Pods_DailyTools.framework in Frameworks */,
			);
			runOnlyForDeploymentPostprocessing = 0;
		};
/* End PBXFrameworksBuildPhase section */

/* Begin PBXGroup section */
		351976471F2997E500209104 /* PhotoTagger */ = {
			isa = PBXGroup;
			children = (
				351976481F2997E500209104 /* ImaggaRouter.swift */,
				351976491F2997E500209104 /* PhotoColor.swift */,
				3519764A1F2997E500209104 /* TagsColorsTableViewController.swift */,
				3519764B1F2997E500209104 /* TagsColorsViewController.swift */,
				3519764C1F2997E500209104 /* TagsColorTableData.swift */,
				3519764D1F2997E500209104 /* PhotoViewController.swift */,
			);
			path = PhotoTagger;
			sourceTree = "<group>";
		};
		3557AAC01F21AD4D0094EB5B = {
			isa = PBXGroup;
			children = (
				3557AACB1F21AD4D0094EB5B /* DailyTools */,
				3557AACA1F21AD4D0094EB5B /* Products */,
				7706043A9583D5E7583E3005 /* Pods */,
				B7CE878799E12213C71375E1 /* Frameworks */,
			);
			sourceTree = "<group>";
		};
		3557AACA1F21AD4D0094EB5B /* Products */ = {
			isa = PBXGroup;
			children = (
				3557AAC91F21AD4D0094EB5B /* DailyTools.app */,
			);
			name = Products;
			sourceTree = "<group>";
		};
		3557AACB1F21AD4D0094EB5B /* DailyTools */ = {
			isa = PBXGroup;
			children = (
				3557AACC1F21AD4D0094EB5B /* AppDelegate.swift */,
				3557AACE1F21AD4D0094EB5B /* ViewController.swift */,
				35F28BC01F25C702001FC761 /* SLScrollLayoutVC.swift */,
				3557AADE1F21D2AF0094EB5B /* WebVC.swift */,
				351976471F2997E500209104 /* PhotoTagger */,
				3557AAD01F21AD4D0094EB5B /* Main.storyboard */,
				3557AAD31F21AD4D0094EB5B /* Assets.xcassets */,
				3557AAD51F21AD4D0094EB5B /* LaunchScreen.storyboard */,
				3557AAD81F21AD4D0094EB5B /* Info.plist */,
			);
			path = DailyTools;
			sourceTree = "<group>";
		};
		7706043A9583D5E7583E3005 /* Pods */ = {
			isa = PBXGroup;
			children = (
				F65517A9B719DC63ABA0008C /* Pods-DailyTools.debug.xcconfig */,
				E2C6601C1DE7FA366CCC2AA8 /* Pods-DailyTools.release.xcconfig */,
			);
			name = Pods;
			sourceTree = "<group>";
		};
		B7CE878799E12213C71375E1 /* Frameworks */ = {
			isa = PBXGroup;
			children = (
				D43F724828480CA022BBFA3E /* Pods_DailyTools.framework */,
			);
			name = Frameworks;
			sourceTree = "<group>";
		};
/* End PBXGroup section */

/* Begin PBXNativeTarget section */
		3557AAC81F21AD4D0094EB5B /* DailyTools */ = {
			isa = PBXNativeTarget;
			buildConfigurationList = 3557AADB1F21AD4D0094EB5B /* Build configuration list for PBXNativeTarget "DailyTools" */;
			buildPhases = (
				1735A497878338D0DF5A9F4D /* [CP] Check Pods Manifest.lock */,
				3557AAC51F21AD4D0094EB5B /* Sources */,
				3557AAC61F21AD4D0094EB5B /* Frameworks */,
				3557AAC71F21AD4D0094EB5B /* Resources */,
				7AD7946069DF28E8CE8AE493 /* [CP] Embed Pods Frameworks */,
				0E132635AE252536E666BF90 /* [CP] Copy Pods Resources */,
			);
			buildRules = (
			);
			dependencies = (
			);
			name = DailyTools;
			productName = DailyTools;
			productReference = 3557AAC91F21AD4D0094EB5B /* DailyTools.app */;
			productType = "com.apple.product-type.application";
		};
/* End PBXNativeTarget section */

/* Begin PBXProject section */
		3557AAC11F21AD4D0094EB5B /* Project object */ = {
			isa = PBXProject;
			attributes = {
				LastSwiftUpdateCheck = 0830;
				LastUpgradeCheck = 0830;
				ORGANIZATIONNAME = ShowLin;
				TargetAttributes = {
					3557AAC81F21AD4D0094EB5B = {
						CreatedOnToolsVersion = 8.3.1;
						DevelopmentTeam = 3CT6VQ4757;
						ProvisioningStyle = Automatic;
					};
				};
			};
			buildConfigurationList = 3557AAC41F21AD4D0094EB5B /* Build configuration list for PBXProject "DailyTools" */;
			compatibilityVersion = "Xcode 3.2";
			developmentRegion = English;
			hasScannedForEncodings = 0;
			knownRegions = (
				en,
				Base,
			);
			mainGroup = 3557AAC01F21AD4D0094EB5B;
			productRefGroup = 3557AACA1F21AD4D0094EB5B /* Products */;
			projectDirPath = "";
			projectRoot = "";
			targets = (
				3557AAC81F21AD4D0094EB5B /* DailyTools */,
			);
		};
/* End PBXProject section */

/* Begin PBXResourcesBuildPhase section */
		3557AAC71F21AD4D0094EB5B /* Resources */ = {
			isa = PBXResourcesBuildPhase;
			buildActionMask = 2147483647;
			files = (
				3557AAD71F21AD4D0094EB5B /* LaunchScreen.storyboard in Resources */,
				3557AAD41F21AD4D0094EB5B /* Assets.xcassets in Resources */,
				3557AAD21F21AD4D0094EB5B /* Main.storyboard in Resources */,
			);
			runOnlyForDeploymentPostprocessing = 0;
		};
/* End PBXResourcesBuildPhase section */

/* Begin PBXShellScriptBuildPhase section */
		0E132635AE252536E666BF90 /* [CP] Copy Pods Resources */ = {
			isa = PBXShellScriptBuildPhase;
			buildActionMask = 2147483647;
			files = (
			);
			inputPaths = (
			);
			name = "[CP] Copy Pods Resources";
			outputPaths = (
			);
			runOnlyForDeploymentPostprocessing = 0;
			shellPath = /bin/sh;
			shellScript = "\"${SRCROOT}/Pods/Target Support Files/Pods-DailyTools/Pods-DailyTools-resources.sh\"\n";
			showEnvVarsInLog = 0;
		};
		1735A497878338D0DF5A9F4D /* [CP] Check Pods Manifest.lock */ = {
			isa = PBXShellScriptBuildPhase;
			buildActionMask = 2147483647;
			files = (
			);
			inputPaths = (
			);
			name = "[CP] Check Pods Manifest.lock";
			outputPaths = (
			);
			runOnlyForDeploymentPostprocessing = 0;
			shellPath = /bin/sh;
			shellScript = "diff \"${PODS_ROOT}/../Podfile.lock\" \"${PODS_ROOT}/Manifest.lock\" > /dev/null\nif [ $? != 0 ] ; then\n    # print error to STDERR\n    echo \"error: The sandbox is not in sync with the Podfile.lock. Run 'pod install' or update your CocoaPods installation.\" >&2\n    exit 1\nfi\n";
			showEnvVarsInLog = 0;
		};
		7AD7946069DF28E8CE8AE493 /* [CP] Embed Pods Frameworks */ = {
			isa = PBXShellScriptBuildPhase;
			buildActionMask = 2147483647;
			files = (
			);
			inputPaths = (
			);
			name = "[CP] Embed Pods Frameworks";
			outputPaths = (
			);
			runOnlyForDeploymentPostprocessing = 0;
			shellPath = /bin/sh;
			shellScript = "\"${SRCROOT}/Pods/Target Support Files/Pods-DailyTools/Pods-DailyTools-frameworks.sh\"\n";
			showEnvVarsInLog = 0;
		};
/* End PBXShellScriptBuildPhase section */

/* Begin PBXSourcesBuildPhase section */
		3557AAC51F21AD4D0094EB5B /* Sources */ = {
			isa = PBXSourcesBuildPhase;
			buildActionMask = 2147483647;
			files = (
				351976531F2997E500209104 /* PhotoViewController.swift in Sources */,
				351976521F2997E500209104 /* TagsColorTableData.swift in Sources */,
				3519764F1F2997E500209104 /* PhotoColor.swift in Sources */,
				351976511F2997E500209104 /* TagsColorsViewController.swift in Sources */,
				3557AADF1F21D2AF0094EB5B /* WebVC.swift in Sources */,
				3519764E1F2997E500209104 /* ImaggaRouter.swift in Sources */,
				3557AACF1F21AD4D0094EB5B /* ViewController.swift in Sources */,
				35F28BC11F25C702001FC761 /* SLScrollLayoutVC.swift in Sources */,
				3557AACD1F21AD4D0094EB5B /* AppDelegate.swift in Sources */,
				351976501F2997E500209104 /* TagsColorsTableViewController.swift in Sources */,
			);
			runOnlyForDeploymentPostprocessing = 0;
		};
/* End PBXSourcesBuildPhase section */

/* Begin PBXVariantGroup section */
		3557AAD01F21AD4D0094EB5B /* Main.storyboard */ = {
			isa = PBXVariantGroup;
			children = (
				3557AAD11F21AD4D0094EB5B /* Base */,
			);
			name = Main.storyboard;
			sourceTree = "<group>";
		};
		3557AAD51F21AD4D0094EB5B /* LaunchScreen.storyboard */ = {
			isa = PBXVariantGroup;
			children = (
				3557AAD61F21AD4D0094EB5B /* Base */,
			);
			name = LaunchScreen.storyboard;
			sourceTree = "<group>";
		};
/* End PBXVariantGroup section */

/* Begin XCBuildConfiguration section */
		3557AAD91F21AD4D0094EB5B /* Debug */ = {
			isa = XCBuildConfiguration;
			buildSettings = {
				ALWAYS_SEARCH_USER_PATHS = NO;
				CLANG_ANALYZER_NONNULL = YES;
				CLANG_ANALYZER_NUMBER_OBJECT_CONVERSION = YES_AGGRESSIVE;
				CLANG_CXX_LANGUAGE_STANDARD = "gnu++0x";
				CLANG_CXX_LIBRARY = "libc++";
				CLANG_ENABLE_MODULES = YES;
				CLANG_ENABLE_OBJC_ARC = YES;
				CLANG_WARN_BOOL_CONVERSION = YES;
				CLANG_WARN_CONSTANT_CONVERSION = YES;
				CLANG_WARN_DIRECT_OBJC_ISA_USAGE = YES_ERROR;
				CLANG_WARN_DOCUMENTATION_COMMENTS = YES;
				CLANG_WARN_EMPTY_BODY = YES;
				CLANG_WARN_ENUM_CONVERSION = YES;
				CLANG_WARN_INFINITE_RECURSION = YES;
				CLANG_WARN_INT_CONVERSION = YES;
				CLANG_WARN_OBJC_ROOT_CLASS = YES_ERROR;
				CLANG_WARN_SUSPICIOUS_MOVE = YES;
				CLANG_WARN_UNREACHABLE_CODE = YES;
				CLANG_WARN__DUPLICATE_METHOD_MATCH = YES;
				"CODE_SIGN_IDENTITY[sdk=iphoneos*]" = "iPhone Developer";
				COPY_PHASE_STRIP = NO;
				DEBUG_INFORMATION_FORMAT = dwarf;
				ENABLE_STRICT_OBJC_MSGSEND = YES;
				ENABLE_TESTABILITY = YES;
				GCC_C_LANGUAGE_STANDARD = gnu99;
				GCC_DYNAMIC_NO_PIC = NO;
				GCC_NO_COMMON_BLOCKS = YES;
				GCC_OPTIMIZATION_LEVEL = 0;
				GCC_PREPROCESSOR_DEFINITIONS = (
					"DEBUG=1",
					"$(inherited)",
				);
				GCC_WARN_64_TO_32_BIT_CONVERSION = YES;
				GCC_WARN_ABOUT_RETURN_TYPE = YES_ERROR;
				GCC_WARN_UNDECLARED_SELECTOR = YES;
				GCC_WARN_UNINITIALIZED_AUTOS = YES_AGGRESSIVE;
				GCC_WARN_UNUSED_FUNCTION = YES;
				GCC_WARN_UNUSED_VARIABLE = YES;
				IPHONEOS_DEPLOYMENT_TARGET = 10.3;
				MTL_ENABLE_DEBUG_INFO = YES;
				ONLY_ACTIVE_ARCH = YES;
				SDKROOT = iphoneos;
				SWIFT_ACTIVE_COMPILATION_CONDITIONS = DEBUG;
				SWIFT_OPTIMIZATION_LEVEL = "-Onone";
			};
			name = Debug;
		};
		3557AADA1F21AD4D0094EB5B /* Release */ = {
			isa = XCBuildConfiguration;
			buildSettings = {
				ALWAYS_SEARCH_USER_PATHS = NO;
				CLANG_ANALYZER_NONNULL = YES;
				CLANG_ANALYZER_NUMBER_OBJECT_CONVERSION = YES_AGGRESSIVE;
				CLANG_CXX_LANGUAGE_STANDARD = "gnu++0x";
				CLANG_CXX_LIBRARY = "libc++";
				CLANG_ENABLE_MODULES = YES;
				CLANG_ENABLE_OBJC_ARC = YES;
				CLANG_WARN_BOOL_CONVERSION = YES;
				CLANG_WARN_CONSTANT_CONVERSION = YES;
				CLANG_WARN_DIRECT_OBJC_ISA_USAGE = YES_ERROR;
				CLANG_WARN_DOCUMENTATION_COMMENTS = YES;
				CLANG_WARN_EMPTY_BODY = YES;
				CLANG_WARN_ENUM_CONVERSION = YES;
				CLANG_WARN_INFINITE_RECURSION = YES;
				CLANG_WARN_INT_CONVERSION = YES;
				CLANG_WARN_OBJC_ROOT_CLASS = YES_ERROR;
				CLANG_WARN_SUSPICIOUS_MOVE = YES;
				CLANG_WARN_UNREACHABLE_CODE = YES;
				CLANG_WARN__DUPLICATE_METHOD_MATCH = YES;
				"CODE_SIGN_IDENTITY[sdk=iphoneos*]" = "iPhone Developer";
				COPY_PHASE_STRIP = NO;
				DEBUG_INFORMATION_FORMAT = "dwarf-with-dsym";
				ENABLE_NS_ASSERTIONS = NO;
				ENABLE_STRICT_OBJC_MSGSEND = YES;
				GCC_C_LANGUAGE_STANDARD = gnu99;
				GCC_NO_COMMON_BLOCKS = YES;
				GCC_WARN_64_TO_32_BIT_CONVERSION = YES;
				GCC_WARN_ABOUT_RETURN_TYPE = YES_ERROR;
				GCC_WARN_UNDECLARED_SELECTOR = YES;
				GCC_WARN_UNINITIALIZED_AUTOS = YES_AGGRESSIVE;
				GCC_WARN_UNUSED_FUNCTION = YES;
				GCC_WARN_UNUSED_VARIABLE = YES;
				IPHONEOS_DEPLOYMENT_TARGET = 10.3;
				MTL_ENABLE_DEBUG_INFO = NO;
				SDKROOT = iphoneos;
				SWIFT_OPTIMIZATION_LEVEL = "-Owholemodule";
				VALIDATE_PRODUCT = YES;
			};
			name = Release;
		};
		3557AADC1F21AD4D0094EB5B /* Debug */ = {
			isa = XCBuildConfiguration;
			baseConfigurationReference = F65517A9B719DC63ABA0008C /* Pods-DailyTools.debug.xcconfig */;
			buildSettings = {
				ASSETCATALOG_COMPILER_APPICON_NAME = AppIcon;
				DEVELOPMENT_TEAM = 3CT6VQ4757;
				INFOPLIST_FILE = DailyTools/Info.plist;
				LD_RUNPATH_SEARCH_PATHS = "$(inherited) @executable_path/Frameworks";
				PRODUCT_BUNDLE_IDENTIFIER = ShowLin.DailyTools;
				PRODUCT_NAME = "$(TARGET_NAME)";
				SWIFT_VERSION = 3.0;
			};
			name = Debug;
		};
		3557AADD1F21AD4D0094EB5B /* Release */ = {
			isa = XCBuildConfiguration;
			baseConfigurationReference = E2C6601C1DE7FA366CCC2AA8 /* Pods-DailyTools.release.xcconfig */;
			buildSettings = {
				ASSETCATALOG_COMPILER_APPICON_NAME = AppIcon;
				DEVELOPMENT_TEAM = 3CT6VQ4757;
				INFOPLIST_FILE = DailyTools/Info.plist;
				LD_RUNPATH_SEARCH_PATHS = "$(inherited) @executable_path/Frameworks";
				PRODUCT_BUNDLE_IDENTIFIER = ShowLin.DailyTools;
				PRODUCT_NAME = "$(TARGET_NAME)";
				SWIFT_VERSION = 3.0;
			};
			name = Release;
		};
/* End XCBuildConfiguration section */

/* Begin XCConfigurationList section */
		3557AAC41F21AD4D0094EB5B /* Build configuration list for PBXProject "DailyTools" */ = {
			isa = XCConfigurationList;
			buildConfigurations = (
				3557AAD91F21AD4D0094EB5B /* Debug */,
				3557AADA1F21AD4D0094EB5B /* Release */,
			);
			defaultConfigurationIsVisible = 0;
			defaultConfigurationName = Release;
		};
		3557AADB1F21AD4D0094EB5B /* Build configuration list for PBXNativeTarget "DailyTools" */ = {
			isa = XCConfigurationList;
			buildConfigurations = (
				3557AADC1F21AD4D0094EB5B /* Debug */,
				3557AADD1F21AD4D0094EB5B /* Release */,
			);
			defaultConfigurationIsVisible = 0;
			defaultConfigurationName = Release;
		};
/* End XCConfigurationList section */
	};
	rootObject = 3557AAC11F21AD4D0094EB5B /* Project object */;
}
