PODS:
  - Alamofire (4.4.0)
  - MJExtension (3.0.13)
  - SDWebImage (4.0.0):
    - SDWebImage/Core (= 4.0.0)
  - SDWebImage/Core (4.0.0)
  - SnapKit (3.2.0)

DEPENDENCIES:
  - Alamofire (~> 4.4.0)
  - MJExtension (~> 3.0.13)
  - SDWebImage (~> 4.0.0)
  - SnapKit (~> 3.2.0)

SPEC CHECKSUMS:
  Alamofire: dc44b1600b800eb63da6a19039a0083d62a6a62d
  MJExtension: 5932755f451458eefa24239358817f8d291240c7
  SDWebImage: 76a6348bdc74eb5a55dd08a091ef298e56b55e41
  SnapKit: 1ca44df72cfa543218d177cb8aab029d10d86ea7

PODFILE CHECKSUM: 72e93056ec1c4384e457e45956ac6c3d7e9c18fe

COCOAPODS: 1.4.0
